Microsoft Visual Studio Solution File, Format Version 12.00
# Visual Studio Version 17
VisualStudioVersion = 17.5.2.0
MinimumVisualStudioVersion = 10.0.40219.1
Project("{FAE04EC0-301F-11D3-BF4B-00C04F79EFBC}") = "CarC", "CarC.csproj", "{0644554C-D95A-6FE2-A286-5BE4D60B2A3B}"
EndProject
Global
	GlobalSection(SolutionConfigurationPlatforms) = preSolution
		Debug|Any CPU = Debug|Any CPU
		Release|Any CPU = Release|Any CPU
	EndGlobalSection
	GlobalSection(ProjectConfigurationPlatforms) = postSolution
		{0644554C-D95A-6FE2-A286-5BE4D60B2A3B}.Debug|Any CPU.ActiveCfg = Debug|Any CPU
		{0644554C-D95A-6FE2-A286-5BE4D60B2A3B}.Debug|Any CPU.Build.0 = Debug|Any CPU
		{0644554C-D95A-6FE2-A286-5BE4D60B2A3B}.Release|Any CPU.ActiveCfg = Release|Any CPU
		{0644554C-D95A-6FE2-A286-5BE4D60B2A3B}.Release|Any CPU.Build.0 = Release|Any CPU
	EndGlobalSection
	GlobalSection(SolutionProperties) = preSolution
		HideSolutionNode = FALSE
	EndGlobalSection
	GlobalSection(ExtensibilityGlobals) = postSolution
		SolutionGuid = {B12643DD-5E42-4762-8407-166FB3D78131}
	EndGlobalSection
EndGlobal
